{
  "name": "productkind",
  "version": "0.1.0",
  "lockfileVersion": 3,
  "requires": true,
  "packages": {
    "": {
      "name": "productkind",
      "version": "0.1.0",
      "devDependencies": {
        "zod": "^3.25.55",
        "zx": "^8.5.5"
      }
    },
    "node_modules/zod": {
      "version": "3.25.55",
      "resolved": "https://registry.npmjs.org/zod/-/zod-3.25.55.tgz",
      "integrity": "sha512-219huNnkSLQnLsQ3uaRjXsxMrVm5C9W3OOpEVt2k5tvMKuA8nBSu38e0B//a+he9Iq2dvmk2VyYVlHqiHa4YBA==",
      "dev": true,
      "license": "MIT",
      "funding": {
        "url": "https://github.com/sponsors/colinhacks"
      }
    },
    "node_modules/zx": {
      "version": "8.5.5",
      "resolved": "https://registry.npmjs.org/zx/-/zx-8.5.5.tgz",
      "integrity": "sha512-kzkjV3uqyEthw1IBDbA7Co2djji77vCP1DRvt58aYSMwiX4nyvAkFE8OBSEsOUbDJAst0Yo4asNvMTGG5HGPXA==",
      "dev": true,
      "license": "Apache-2.0",
      "bin": {
        "zx": "build/cli.js"
      },
      "engines": {
        "node": ">= 12.17.0"
      }
    }
  }
}
